// !$*UTF8*$!
{
	archiveVersion = 1;
	classes = {
	};
	objectVersion = 56;
	objects = {

/* Begin PBXBuildFile section */
		5E9D6F132A75277B001F12E3 /* PaperScanApp.swift in Sources */ = {isa = PBXBuildFile; fileRef = 5E9D6F122A75277B001F12E3 /* PaperScanApp.swift */; };
		5E9D6F152A75277B001F12E3 /* ContentView.swift in Sources */ = {isa = PBXBuildFile; fileRef = 5E9D6F142A75277B001F12E3 /* ContentView.swift */; };
		5E9D6F172A75277E001F12E3 /* Assets.xcassets in Resources */ = {isa = PBXBuildFile; fileRef = 5E9D6F162A75277E001F12E3 /* Assets.xcassets */; };
		5E9D6F1A2A75277E001F12E3 /* Preview Assets.xcassets in Resources */ = {isa = PBXBuildFile; fileRef = 5E9D6F192A75277E001F12E3 /* Preview Assets.xcassets */; };
		5E9D6F252A75277E001F12E3 /* ContentViewModelTests.swift in Sources */ = {isa = PBXBuildFile; fileRef = 5E9D6F242A75277E001F12E3 /* ContentViewModelTests.swift */; };
		5E9D6F2F2A75277E001F12E3 /* PaperScanUITests.swift in Sources */ = {isa = PBXBuildFile; fileRef = 5E9D6F2E2A75277E001F12E3 /* PaperScanUITests.swift */; };
		5E9D6F312A75277E001F12E3 /* PaperScanUITestsLaunchTests.swift in Sources */ = {isa = PBXBuildFile; fileRef = 5E9D6F302A75277E001F12E3 /* PaperScanUITestsLaunchTests.swift */; };
		5E9D6F3F2A7527D4001F12E3 /* Tile.swift in Sources */ = {isa = PBXBuildFile; fileRef = 5E9D6F3E2A7527D4001F12E3 /* Tile.swift */; };
		5EBD25C52A76CDE800306584 /* DocumentView.swift in Sources */ = {isa = PBXBuildFile; fileRef = 5EBD25C42A76CDE800306584 /* DocumentView.swift */; };
		5EBD25C72A76E1CF00306584 /* ContentViewModel.swift in Sources */ = {isa = PBXBuildFile; fileRef = 5EBD25C62A76E1CF00306584 /* ContentViewModel.swift */; };
		5EBD25C82A76EB6800306584 /* ContentViewModel.swift in Sources */ = {isa = PBXBuildFile; fileRef = 5EBD25C62A76E1CF00306584 /* ContentViewModel.swift */; };
		5EBD25C92A76EB9100306584 /* Tile.swift in Sources */ = {isa = PBXBuildFile; fileRef = 5E9D6F3E2A7527D4001F12E3 /* Tile.swift */; };
		5EBD25CB2A76EBAC00306584 /* TileModelTests.swift in Sources */ = {isa = PBXBuildFile; fileRef = 5EBD25CA2A76EBAC00306584 /* TileModelTests.swift */; };
/* End PBXBuildFile section */

/* Begin PBXContainerItemProxy section */
		5E9D6F212A75277E001F12E3 /* PBXContainerItemProxy */ = {
			isa = PBXContainerItemProxy;
			containerPortal = 5E9D6F072A75277B001F12E3 /* Project object */;
			proxyType = 1;
			remoteGlobalIDString = 5E9D6F0E2A75277B001F12E3;
			remoteInfo = PaperScan;
		};
		5E9D6F2B2A75277E001F12E3 /* PBXContainerItemProxy */ = {
			isa = PBXContainerItemProxy;
			containerPortal = 5E9D6F072A75277B001F12E3 /* Project object */;
			proxyType = 1;
			remoteGlobalIDString = 5E9D6F0E2A75277B001F12E3;
			remoteInfo = PaperScan;
		};
/* End PBXContainerItemProxy section */

/* Begin PBXFileReference section */
		5E9D6F0F2A75277B001F12E3 /* PaperScan.app */ = {isa = PBXFileReference; explicitFileType = wrapper.application; includeInIndex = 0; path = PaperScan.app; sourceTree = BUILT_PRODUCTS_DIR; };
		5E9D6F122A75277B001F12E3 /* PaperScanApp.swift */ = {isa = PBXFileReference; lastKnownFileType = sourcecode.swift; path = PaperScanApp.swift; sourceTree = "<group>"; };
		5E9D6F142A75277B001F12E3 /* ContentView.swift */ = {isa = PBXFileReference; lastKnownFileType = sourcecode.swift; path = ContentView.swift; sourceTree = "<group>"; };
		5E9D6F162A75277E001F12E3 /* Assets.xcassets */ = {isa = PBXFileReference; lastKnownFileType = folder.assetcatalog; path = Assets.xcassets; sourceTree = "<group>"; };
		5E9D6F192A75277E001F12E3 /* Preview Assets.xcassets */ = {isa = PBXFileReference; lastKnownFileType = folder.assetcatalog; path = "Preview Assets.xcassets"; sourceTree = "<group>"; };
		5E9D6F1B2A75277E001F12E3 /* PaperScan.entitlements */ = {isa = PBXFileReference; lastKnownFileType = text.plist.entitlements; path = PaperScan.entitlements; sourceTree = "<group>"; };
		5E9D6F202A75277E001F12E3 /* PaperScanTests.xctest */ = {isa = PBXFileReference; explicitFileType = wrapper.cfbundle; includeInIndex = 0; path = PaperScanTests.xctest; sourceTree = BUILT_PRODUCTS_DIR; };
		5E9D6F242A75277E001F12E3 /* ContentViewModelTests.swift */ = {isa = PBXFileReference; lastKnownFileType = sourcecode.swift; path = ContentViewModelTests.swift; sourceTree = "<group>"; };
		5E9D6F2A2A75277E001F12E3 /* PaperScanUITests.xctest */ = {isa = PBXFileReference; explicitFileType = wrapper.cfbundle; includeInIndex = 0; path = PaperScanUITests.xctest; sourceTree = BUILT_PRODUCTS_DIR; };
		5E9D6F2E2A75277E001F12E3 /* PaperScanUITests.swift */ = {isa = PBXFileReference; lastKnownFileType = sourcecode.swift; path = PaperScanUITests.swift; sourceTree = "<group>"; };
		5E9D6F302A75277E001F12E3 /* PaperScanUITestsLaunchTests.swift */ = {isa = PBXFileReference; lastKnownFileType = sourcecode.swift; path = PaperScanUITestsLaunchTests.swift; sourceTree = "<group>"; };
		5E9D6F3E2A7527D4001F12E3 /* Tile.swift */ = {isa = PBXFileReference; lastKnownFileType = sourcecode.swift; path = Tile.swift; sourceTree = "<group>"; };
		5EBD25C22A76CDA900306584 /* Info.plist */ = {isa = PBXFileReference; lastKnownFileType = text.plist; path = Info.plist; sourceTree = "<group>"; };
		5EBD25C42A76CDE800306584 /* DocumentView.swift */ = {isa = PBXFileReference; lastKnownFileType = sourcecode.swift; path = DocumentView.swift; sourceTree = "<group>"; };
		5EBD25C62A76E1CF00306584 /* ContentViewModel.swift */ = {isa = PBXFileReference; lastKnownFileType = sourcecode.swift; path = ContentViewModel.swift; sourceTree = "<group>"; };
		5EBD25CA2A76EBAC00306584 /* TileModelTests.swift */ = {isa = PBXFileReference; lastKnownFileType = sourcecode.swift; path = TileModelTests.swift; sourceTree = "<group>"; };
/* End PBXFileReference section */

/* Begin PBXFrameworksBuildPhase section */
		5E9D6F0C2A75277B001F12E3 /* Frameworks */ = {
			isa = PBXFrameworksBuildPhase;
			buildActionMask = 2147483647;
			files = (
			);
			runOnlyForDeploymentPostprocessing = 0;
		};
		5E9D6F1D2A75277E001F12E3 /* Frameworks */ = {
			isa = PBXFrameworksBuildPhase;
			buildActionMask = 2147483647;
			files = (
			);
			runOnlyForDeploymentPostprocessing = 0;
		};
		5E9D6F272A75277E001F12E3 /* Frameworks */ = {
			isa = PBXFrameworksBuildPhase;
			buildActionMask = 2147483647;
			files = (
			);
			runOnlyForDeploymentPostprocessing = 0;
		};
/* End PBXFrameworksBuildPhase section */

/* Begin PBXGroup section */
		5E9D6F062A75277B001F12E3 = {
			isa = PBXGroup;
			children = (
				5E9D6F112A75277B001F12E3 /* PaperScan */,
				5E9D6F232A75277E001F12E3 /* PaperScanTests */,
				5E9D6F2D2A75277E001F12E3 /* PaperScanUITests */,
				5E9D6F102A75277B001F12E3 /* Products */,
			);
			sourceTree = "<group>";
		};
		5E9D6F102A75277B001F12E3 /* Products */ = {
			isa = PBXGroup;
			children = (
				5E9D6F0F2A75277B001F12E3 /* PaperScan.app */,
				5E9D6F202A75277E001F12E3 /* PaperScanTests.xctest */,
				5E9D6F2A2A75277E001F12E3 /* PaperScanUITests.xctest */,
			);
			name = Products;
			sourceTree = "<group>";
		};
		5E9D6F112A75277B001F12E3 /* PaperScan */ = {
			isa = PBXGroup;
			children = (
				5EBD25C32A76CDD900306584 /* Views */,
				5EBD25C22A76CDA900306584 /* Info.plist */,
				5E9D6F3D2A7527B8001F12E3 /* Models */,
				5E9D6F122A75277B001F12E3 /* PaperScanApp.swift */,
				5E9D6F142A75277B001F12E3 /* ContentView.swift */,
				5E9D6F162A75277E001F12E3 /* Assets.xcassets */,
				5E9D6F1B2A75277E001F12E3 /* PaperScan.entitlements */,
				5E9D6F182A75277E001F12E3 /* Preview Content */,
				5EBD25C62A76E1CF00306584 /* ContentViewModel.swift */,
			);
			path = PaperScan;
			sourceTree = "<group>";
		};
		5E9D6F182A75277E001F12E3 /* Preview Content */ = {
			isa = PBXGroup;
			children = (
				5E9D6F192A75277E001F12E3 /* Preview Assets.xcassets */,
			);
			path = "Preview Content";
			sourceTree = "<group>";
		};
		5E9D6F232A75277E001F12E3 /* PaperScanTests */ = {
			isa = PBXGroup;
			children = (
				5E9D6F242A75277E001F12E3 /* ContentViewModelTests.swift */,
				5EBD25CA2A76EBAC00306584 /* TileModelTests.swift */,
			);
			path = PaperScanTests;
			sourceTree = "<group>";
		};
		5E9D6F2D2A75277E001F12E3 /* PaperScanUITests */ = {
			isa = PBXGroup;
			children = (
				5E9D6F2E2A75277E001F12E3 /* PaperScanUITests.swift */,
				5E9D6F302A75277E001F12E3 /* PaperScanUITestsLaunchTests.swift */,
			);
			path = PaperScanUITests;
			sourceTree = "<group>";
		};
		5E9D6F3D2A7527B8001F12E3 /* Models */ = {
			isa = PBXGroup;
			children = (
				5E9D6F3E2A7527D4001F12E3 /* Tile.swift */,
			);
			path = Models;
			sourceTree = "<group>";
		};
		5EBD25C32A76CDD900306584 /* Views */ = {
			isa = PBXGroup;
			children = (
				5EBD25C42A76CDE800306584 /* DocumentView.swift */,
			);
			path = Views;
			sourceTree = "<group>";
		};
/* End PBXGroup section */

/* Begin PBXNativeTarget section */
		5E9D6F0E2A75277B001F12E3 /* PaperScan */ = {
			isa = PBXNativeTarget;
			buildConfigurationList = 5E9D6F342A75277E001F12E3 /* Build configuration list for PBXNativeTarget "PaperScan" */;
			buildPhases = (
				5E9D6F0B2A75277B001F12E3 /* Sources */,
				5E9D6F0C2A75277B001F12E3 /* Frameworks */,
				5E9D6F0D2A75277B001F12E3 /* Resources */,
			);
			buildRules = (
			);
			dependencies = (
			);
			name = PaperScan;
			productName = PaperScan;
			productReference = 5E9D6F0F2A75277B001F12E3 /* PaperScan.app */;
			productType = "com.apple.product-type.application";
		};
		5E9D6F1F2A75277E001F12E3 /* PaperScanTests */ = {
			isa = PBXNativeTarget;
			buildConfigurationList = 5E9D6F372A75277E001F12E3 /* Build configuration list for PBXNativeTarget "PaperScanTests" */;
			buildPhases = (
				5E9D6F1C2A75277E001F12E3 /* Sources */,
				5E9D6F1D2A75277E001F12E3 /* Frameworks */,
				5E9D6F1E2A75277E001F12E3 /* Resources */,
			);
			buildRules = (
			);
			dependencies = (
				5E9D6F222A75277E001F12E3 /* PBXTargetDependency */,
			);
			name = PaperScanTests;
			productName = PaperScanTests;
			productReference = 5E9D6F202A75277E001F12E3 /* PaperScanTests.xctest */;
			productType = "com.apple.product-type.bundle.unit-test";
		};
		5E9D6F292A75277E001F12E3 /* PaperScanUITests */ = {
			isa = PBXNativeTarget;
			buildConfigurationList = 5E9D6F3A2A75277E001F12E3 /* Build configuration list for PBXNativeTarget "PaperScanUITests" */;
			buildPhases = (
				5E9D6F262A75277E001F12E3 /* Sources */,
				5E9D6F272A75277E001F12E3 /* Frameworks */,
				5E9D6F282A75277E001F12E3 /* Resources */,
			);
			buildRules = (
			);
			dependencies = (
				5E9D6F2C2A75277E001F12E3 /* PBXTargetDependency */,
			);
			name = PaperScanUITests;
			productName = PaperScanUITests;
			productReference = 5E9D6F2A2A75277E001F12E3 /* PaperScanUITests.xctest */;
			productType = "com.apple.product-type.bundle.ui-testing";
		};
/* End PBXNativeTarget section */

/* Begin PBXProject section */
		5E9D6F072A75277B001F12E3 /* Project object */ = {
			isa = PBXProject;
			attributes = {
				BuildIndependentTargetsInParallel = 1;
				LastSwiftUpdateCheck = 1430;
				LastUpgradeCheck = 1430;
				TargetAttributes = {
					5E9D6F0E2A75277B001F12E3 = {
						CreatedOnToolsVersion = 14.3.1;
					};
					5E9D6F1F2A75277E001F12E3 = {
						CreatedOnToolsVersion = 14.3.1;
						TestTargetID = 5E9D6F0E2A75277B001F12E3;
					};
					5E9D6F292A75277E001F12E3 = {
						CreatedOnToolsVersion = 14.3.1;
						TestTargetID = 5E9D6F0E2A75277B001F12E3;
					};
				};
			};
			buildConfigurationList = 5E9D6F0A2A75277B001F12E3 /* Build configuration list for PBXProject "PaperScan" */;
			compatibilityVersion = "Xcode 14.0";
			developmentRegion = en;
			hasScannedForEncodings = 0;
			knownRegions = (
				en,
				Base,
			);
			mainGroup = 5E9D6F062A75277B001F12E3;
			productRefGroup = 5E9D6F102A75277B001F12E3 /* Products */;
			projectDirPath = "";
			projectRoot = "";
			targets = (
				5E9D6F0E2A75277B001F12E3 /* PaperScan */,
				5E9D6F1F2A75277E001F12E3 /* PaperScanTests */,
				5E9D6F292A75277E001F12E3 /* PaperScanUITests */,
			);
		};
/* End PBXProject section */

/* Begin PBXResourcesBuildPhase section */
		5E9D6F0D2A75277B001F12E3 /* Resources */ = {
			isa = PBXResourcesBuildPhase;
			buildActionMask = 2147483647;
			files = (
				5E9D6F1A2A75277E001F12E3 /* Preview Assets.xcassets in Resources */,
				5E9D6F172A75277E001F12E3 /* Assets.xcassets in Resources */,
			);
			runOnlyForDeploymentPostprocessing = 0;
		};
		5E9D6F1E2A75277E001F12E3 /* Resources */ = {
			isa = PBXResourcesBuildPhase;
			buildActionMask = 2147483647;
			files = (
			);
			runOnlyForDeploymentPostprocessing = 0;
		};
		5E9D6F282A75277E001F12E3 /* Resources */ = {
			isa = PBXResourcesBuildPhase;
			buildActionMask = 2147483647;
			files = (
			);
			runOnlyForDeploymentPostprocessing = 0;
		};
/* End PBXResourcesBuildPhase section */

/* Begin PBXSourcesBuildPhase section */
		5E9D6F0B2A75277B001F12E3 /* Sources */ = {
			isa = PBXSourcesBuildPhase;
			buildActionMask = 2147483647;
			files = (
				5E9D6F3F2A7527D4001F12E3 /* Tile.swift in Sources */,
				5E9D6F152A75277B001F12E3 /* ContentView.swift in Sources */,
				5EBD25C52A76CDE800306584 /* DocumentView.swift in Sources */,
				5E9D6F132A75277B001F12E3 /* PaperScanApp.swift in Sources */,
				5EBD25C72A76E1CF00306584 /* ContentViewModel.swift in Sources */,
			);
			runOnlyForDeploymentPostprocessing = 0;
		};
		5E9D6F1C2A75277E001F12E3 /* Sources */ = {
			isa = PBXSourcesBuildPhase;
			buildActionMask = 2147483647;
			files = (
				5EBD25C92A76EB9100306584 /* Tile.swift in Sources */,
				5EBD25CB2A76EBAC00306584 /* TileModelTests.swift in Sources */,
				5EBD25C82A76EB6800306584 /* ContentViewModel.swift in Sources */,
				5E9D6F252A75277E001F12E3 /* ContentViewModelTests.swift in Sources */,
			);
			runOnlyForDeploymentPostprocessing = 0;
		};
		5E9D6F262A75277E001F12E3 /* Sources */ = {
			isa = PBXSourcesBuildPhase;
			buildActionMask = 2147483647;
			files = (
				5E9D6F312A75277E001F12E3 /* PaperScanUITestsLaunchTests.swift in Sources */,
				5E9D6F2F2A75277E001F12E3 /* PaperScanUITests.swift in Sources */,
			);
			runOnlyForDeploymentPostprocessing = 0;
		};
/* End PBXSourcesBuildPhase section */

/* Begin PBXTargetDependency section */
		5E9D6F222A75277E001F12E3 /* PBXTargetDependency */ = {
			isa = PBXTargetDependency;
			target = 5E9D6F0E2A75277B001F12E3 /* PaperScan */;
			targetProxy = 5E9D6F212A75277E001F12E3 /* PBXContainerItemProxy */;
		};
		5E9D6F2C2A75277E001F12E3 /* PBXTargetDependency */ = {
			isa = PBXTargetDependency;
			target = 5E9D6F0E2A75277B001F12E3 /* PaperScan */;
			targetProxy = 5E9D6F2B2A75277E001F12E3 /* PBXContainerItemProxy */;
		};
/* End PBXTargetDependency section */

/* Begin XCBuildConfiguration section */
		5E9D6F322A75277E001F12E3 /* Debug */ = {
			isa = XCBuildConfiguration;
			buildSettings = {
				ALWAYS_SEARCH_USER_PATHS = NO;
				CLANG_ANALYZER_NONNULL = YES;
				CLANG_ANALYZER_NUMBER_OBJECT_CONVERSION = YES_AGGRESSIVE;
				CLANG_CXX_LANGUAGE_STANDARD = "gnu++20";
				CLANG_ENABLE_MODULES = YES;
				CLANG_ENABLE_OBJC_ARC = YES;
				CLANG_ENABLE_OBJC_WEAK = YES;
				CLANG_WARN_BLOCK_CAPTURE_AUTORELEASING = YES;
				CLANG_WARN_BOOL_CONVERSION = YES;
				CLANG_WARN_COMMA = YES;
				CLANG_WARN_CONSTANT_CONVERSION = YES;
				CLANG_WARN_DEPRECATED_OBJC_IMPLEMENTATIONS = YES;
				CLANG_WARN_DIRECT_OBJC_ISA_USAGE = YES_ERROR;
				CLANG_WARN_DOCUMENTATION_COMMENTS = YES;
				CLANG_WARN_EMPTY_BODY = YES;
				CLANG_WARN_ENUM_CONVERSION = YES;
				CLANG_WARN_INFINITE_RECURSION = YES;
				CLANG_WARN_INT_CONVERSION = YES;
				CLANG_WARN_NON_LITERAL_NULL_CONVERSION = YES;
				CLANG_WARN_OBJC_IMPLICIT_RETAIN_SELF = YES;
				CLANG_WARN_OBJC_LITERAL_CONVERSION = YES;
				CLANG_WARN_OBJC_ROOT_CLASS = YES_ERROR;
				CLANG_WARN_QUOTED_INCLUDE_IN_FRAMEWORK_HEADER = YES;
				CLANG_WARN_RANGE_LOOP_ANALYSIS = YES;
				CLANG_WARN_STRICT_PROTOTYPES = YES;
				CLANG_WARN_SUSPICIOUS_MOVE = YES;
				CLANG_WARN_UNGUARDED_AVAILABILITY = YES_AGGRESSIVE;
				CLANG_WARN_UNREACHABLE_CODE = YES;
				CLANG_WARN__DUPLICATE_METHOD_MATCH = YES;
				COPY_PHASE_STRIP = NO;
				DEBUG_INFORMATION_FORMAT = dwarf;
				ENABLE_STRICT_OBJC_MSGSEND = YES;
				ENABLE_TESTABILITY = YES;
				GCC_C_LANGUAGE_STANDARD = gnu11;
				GCC_DYNAMIC_NO_PIC = NO;
				GCC_NO_COMMON_BLOCKS = YES;
				GCC_OPTIMIZATION_LEVEL = 0;
				GCC_PREPROCESSOR_DEFINITIONS = (
					"DEBUG=1",
					"$(inherited)",
				);
				GCC_WARN_64_TO_32_BIT_CONVERSION = YES;
				GCC_WARN_ABOUT_RETURN_TYPE = YES_ERROR;
				GCC_WARN_UNDECLARED_SELECTOR = YES;
				GCC_WARN_UNINITIALIZED_AUTOS = YES_AGGRESSIVE;
				GCC_WARN_UNUSED_FUNCTION = YES;
				GCC_WARN_UNUSED_VARIABLE = YES;
				IPHONEOS_DEPLOYMENT_TARGET = 16.0;
				MACOSX_DEPLOYMENT_TARGET = 13.3;
				MTL_ENABLE_DEBUG_INFO = INCLUDE_SOURCE;
				MTL_FAST_MATH = YES;
				ONLY_ACTIVE_ARCH = YES;
				SDKROOT = macosx;
				SWIFT_ACTIVE_COMPILATION_CONDITIONS = DEBUG;
				SWIFT_OPTIMIZATION_LEVEL = "-Onone";
			};
			name = Debug;
		};
		5E9D6F332A75277E001F12E3 /* Release */ = {
			isa = XCBuildConfiguration;
			buildSettings = {
				ALWAYS_SEARCH_USER_PATHS = NO;
				CLANG_ANALYZER_NONNULL = YES;
				CLANG_ANALYZER_NUMBER_OBJECT_CONVERSION = YES_AGGRESSIVE;
				CLANG_CXX_LANGUAGE_STANDARD = "gnu++20";
				CLANG_ENABLE_MODULES = YES;
				CLANG_ENABLE_OBJC_ARC = YES;
				CLANG_ENABLE_OBJC_WEAK = YES;
				CLANG_WARN_BLOCK_CAPTURE_AUTORELEASING = YES;
				CLANG_WARN_BOOL_CONVERSION = YES;
				CLANG_WARN_COMMA = YES;
				CLANG_WARN_CONSTANT_CONVERSION = YES;
				CLANG_WARN_DEPRECATED_OBJC_IMPLEMENTATIONS = YES;
				CLANG_WARN_DIRECT_OBJC_ISA_USAGE = YES_ERROR;
				CLANG_WARN_DOCUMENTATION_COMMENTS = YES;
				CLANG_WARN_EMPTY_BODY = YES;
				CLANG_WARN_ENUM_CONVERSION = YES;
				CLANG_WARN_INFINITE_RECURSION = YES;
				CLANG_WARN_INT_CONVERSION = YES;
				CLANG_WARN_NON_LITERAL_NULL_CONVERSION = YES;
				CLANG_WARN_OBJC_IMPLICIT_RETAIN_SELF = YES;
				CLANG_WARN_OBJC_LITERAL_CONVERSION = YES;
				CLANG_WARN_OBJC_ROOT_CLASS = YES_ERROR;
				CLANG_WARN_QUOTED_INCLUDE_IN_FRAMEWORK_HEADER = YES;
				CLANG_WARN_RANGE_LOOP_ANALYSIS = YES;
				CLANG_WARN_STRICT_PROTOTYPES = YES;
				CLANG_WARN_SUSPICIOUS_MOVE = YES;
				CLANG_WARN_UNGUARDED_AVAILABILITY = YES_AGGRESSIVE;
				CLANG_WARN_UNREACHABLE_CODE = YES;
				CLANG_WARN__DUPLICATE_METHOD_MATCH = YES;
				COPY_PHASE_STRIP = NO;
				DEBUG_INFORMATION_FORMAT = "dwarf-with-dsym";
				ENABLE_NS_ASSERTIONS = NO;
				ENABLE_STRICT_OBJC_MSGSEND = YES;
				GCC_C_LANGUAGE_STANDARD = gnu11;
				GCC_NO_COMMON_BLOCKS = YES;
				GCC_WARN_64_TO_32_BIT_CONVERSION = YES;
				GCC_WARN_ABOUT_RETURN_TYPE = YES_ERROR;
				GCC_WARN_UNDECLARED_SELECTOR = YES;
				GCC_WARN_UNINITIALIZED_AUTOS = YES_AGGRESSIVE;
				GCC_WARN_UNUSED_FUNCTION = YES;
				GCC_WARN_UNUSED_VARIABLE = YES;
				IPHONEOS_DEPLOYMENT_TARGET = 16.0;
				MACOSX_DEPLOYMENT_TARGET = 13.3;
				MTL_ENABLE_DEBUG_INFO = NO;
				MTL_FAST_MATH = YES;
				SDKROOT = macosx;
				SWIFT_COMPILATION_MODE = wholemodule;
				SWIFT_OPTIMIZATION_LEVEL = "-O";
			};
			name = Release;
		};
		5E9D6F352A75277E001F12E3 /* Debug */ = {
			isa = XCBuildConfiguration;
			buildSettings = {
				ASSETCATALOG_COMPILER_APPICON_NAME = AppIcon;
				ASSETCATALOG_COMPILER_GLOBAL_ACCENT_COLOR_NAME = AccentColor;
				CODE_SIGN_ENTITLEMENTS = PaperScan/PaperScan.entitlements;
				CODE_SIGN_STYLE = Automatic;
				COMBINE_HIDPI_IMAGES = YES;
				CURRENT_PROJECT_VERSION = 1;
				DEVELOPMENT_ASSET_PATHS = "\"PaperScan/Preview Content\"";
				ENABLE_PREVIEWS = YES;
				GENERATE_INFOPLIST_FILE = YES;
				INFOPLIST_FILE = PaperScan/Info.plist;
				INFOPLIST_KEY_NSHumanReadableCopyright = "";
				INFOPLIST_KEY_UISupportedInterfaceOrientations = UIInterfaceOrientationPortrait;
				LD_RUNPATH_SEARCH_PATHS = (
					"$(inherited)",
					"@executable_path/../Frameworks",
				);
				MARKETING_VERSION = 1.0;
				PRODUCT_BUNDLE_IDENTIFIER = none.PaperScan;
				PRODUCT_NAME = "$(TARGET_NAME)";
				SUPPORTED_PLATFORMS = "iphoneos iphonesimulator macosx";
				SUPPORTS_MACCATALYST = NO;
				SUPPORTS_MAC_DESIGNED_FOR_IPHONE_IPAD = NO;
				SWIFT_EMIT_LOC_STRINGS = YES;
				SWIFT_VERSION = 5.0;
				TARGETED_DEVICE_FAMILY = 1;
			};
			name = Debug;
		};
		5E9D6F362A75277E001F12E3 /* Release */ = {
			isa = XCBuildConfiguration;
			buildSettings = {
				ASSETCATALOG_COMPILER_APPICON_NAME = AppIcon;
				ASSETCATALOG_COMPILER_GLOBAL_ACCENT_COLOR_NAME = AccentColor;
				CODE_SIGN_ENTITLEMENTS = PaperScan/PaperScan.entitlements;
				CODE_SIGN_STYLE = Automatic;
				COMBINE_HIDPI_IMAGES = YES;
				CURRENT_PROJECT_VERSION = 1;
				DEVELOPMENT_ASSET_PATHS = "\"PaperScan/Preview Content\"";
				ENABLE_PREVIEWS = YES;
				GENERATE_INFOPLIST_FILE = YES;
				INFOPLIST_FILE = PaperScan/Info.plist;
				INFOPLIST_KEY_NSHumanReadableCopyright = "";
				INFOPLIST_KEY_UISupportedInterfaceOrientations = UIInterfaceOrientationPortrait;
				LD_RUNPATH_SEARCH_PATHS = (
					"$(inherited)",
					"@executable_path/../Frameworks",
				);
				MARKETING_VERSION = 1.0;
				PRODUCT_BUNDLE_IDENTIFIER = none.PaperScan;
				PRODUCT_NAME = "$(TARGET_NAME)";
				SUPPORTED_PLATFORMS = "iphoneos iphonesimulator macosx";
				SUPPORTS_MACCATALYST = NO;
				SUPPORTS_MAC_DESIGNED_FOR_IPHONE_IPAD = NO;
				SWIFT_EMIT_LOC_STRINGS = YES;
				SWIFT_VERSION = 5.0;
				TARGETED_DEVICE_FAMILY = 1;
			};
			name = Release;
		};
		5E9D6F382A75277E001F12E3 /* Debug */ = {
			isa = XCBuildConfiguration;
			buildSettings = {
				ALWAYS_EMBED_SWIFT_STANDARD_LIBRARIES = YES;
				BUNDLE_LOADER = "$(TEST_HOST)";
				CODE_SIGN_STYLE = Automatic;
				CURRENT_PROJECT_VERSION = 1;
				GENERATE_INFOPLIST_FILE = YES;
				MACOSX_DEPLOYMENT_TARGET = 13.3;
				MARKETING_VERSION = 1.0;
				PRODUCT_BUNDLE_IDENTIFIER = none.PaperScanTests;
				PRODUCT_NAME = "$(TARGET_NAME)";
				SUPPORTED_PLATFORMS = "iphoneos iphonesimulator macosx";
				SUPPORTS_MACCATALYST = NO;
				SUPPORTS_MAC_DESIGNED_FOR_IPHONE_IPAD = NO;
				SWIFT_EMIT_LOC_STRINGS = NO;
				SWIFT_VERSION = 5.0;
				TARGETED_DEVICE_FAMILY = 1;
				TEST_HOST = "$(BUILT_PRODUCTS_DIR)/PaperScan.app/$(BUNDLE_EXECUTABLE_FOLDER_PATH)/PaperScan";
			};
			name = Debug;
		};
		5E9D6F392A75277E001F12E3 /* Release */ = {
			isa = XCBuildConfiguration;
			buildSettings = {
				ALWAYS_EMBED_SWIFT_STANDARD_LIBRARIES = YES;
				BUNDLE_LOADER = "$(TEST_HOST)";
				CODE_SIGN_STYLE = Automatic;
				CURRENT_PROJECT_VERSION = 1;
				GENERATE_INFOPLIST_FILE = YES;
				MACOSX_DEPLOYMENT_TARGET = 13.3;
				MARKETING_VERSION = 1.0;
				PRODUCT_BUNDLE_IDENTIFIER = none.PaperScanTests;
				PRODUCT_NAME = "$(TARGET_NAME)";
				SUPPORTED_PLATFORMS = "iphoneos iphonesimulator macosx";
				SUPPORTS_MACCATALYST = NO;
				SUPPORTS_MAC_DESIGNED_FOR_IPHONE_IPAD = NO;
				SWIFT_EMIT_LOC_STRINGS = NO;
				SWIFT_VERSION = 5.0;
				TARGETED_DEVICE_FAMILY = 1;
				TEST_HOST = "$(BUILT_PRODUCTS_DIR)/PaperScan.app/$(BUNDLE_EXECUTABLE_FOLDER_PATH)/PaperScan";
			};
			name = Release;
		};
		5E9D6F3B2A75277E001F12E3 /* Debug */ = {
			isa = XCBuildConfiguration;
			buildSettings = {
				ALWAYS_EMBED_SWIFT_STANDARD_LIBRARIES = YES;
				CODE_SIGN_STYLE = Automatic;
				CURRENT_PROJECT_VERSION = 1;
				GENERATE_INFOPLIST_FILE = YES;
				MARKETING_VERSION = 1.0;
				PRODUCT_BUNDLE_IDENTIFIER = none.PaperScanUITests;
				PRODUCT_NAME = "$(TARGET_NAME)";
				SWIFT_EMIT_LOC_STRINGS = NO;
				SWIFT_VERSION = 5.0;
				TEST_TARGET_NAME = PaperScan;
			};
			name = Debug;
		};
		5E9D6F3C2A75277E001F12E3 /* Release */ = {
			isa = XCBuildConfiguration;
			buildSettings = {
				ALWAYS_EMBED_SWIFT_STANDARD_LIBRARIES = YES;
				CODE_SIGN_STYLE = Automatic;
				CURRENT_PROJECT_VERSION = 1;
				GENERATE_INFOPLIST_FILE = YES;
				MARKETING_VERSION = 1.0;
				PRODUCT_BUNDLE_IDENTIFIER = none.PaperScanUITests;
				PRODUCT_NAME = "$(TARGET_NAME)";
				SWIFT_EMIT_LOC_STRINGS = NO;
				SWIFT_VERSION = 5.0;
				TEST_TARGET_NAME = PaperScan;
			};
			name = Release;
		};
/* End XCBuildConfiguration section */

/* Begin XCConfigurationList section */
		5E9D6F0A2A75277B001F12E3 /* Build configuration list for PBXProject "PaperScan" */ = {
			isa = XCConfigurationList;
			buildConfigurations = (
				5E9D6F322A75277E001F12E3 /* Debug */,
				5E9D6F332A75277E001F12E3 /* Release */,
			);
			defaultConfigurationIsVisible = 0;
			defaultConfigurationName = Release;
		};
		5E9D6F342A75277E001F12E3 /* Build configuration list for PBXNativeTarget "PaperScan" */ = {
			isa = XCConfigurationList;
			buildConfigurations = (
				5E9D6F352A75277E001F12E3 /* Debug */,
				5E9D6F362A75277E001F12E3 /* Release */,
			);
			defaultConfigurationIsVisible = 0;
			defaultConfigurationName = Release;
		};
		5E9D6F372A75277E001F12E3 /* Build configuration list for PBXNativeTarget "PaperScanTests" */ = {
			isa = XCConfigurationList;
			buildConfigurations = (
				5E9D6F382A75277E001F12E3 /* Debug */,
				5E9D6F392A75277E001F12E3 /* Release */,
			);
			defaultConfigurationIsVisible = 0;
			defaultConfigurationName = Release;
		};
		5E9D6F3A2A75277E001F12E3 /* Build configuration list for PBXNativeTarget "PaperScanUITests" */ = {
			isa = XCConfigurationList;
			buildConfigurations = (
				5E9D6F3B2A75277E001F12E3 /* Debug */,
				5E9D6F3C2A75277E001F12E3 /* Release */,
			);
			defaultConfigurationIsVisible = 0;
			defaultConfigurationName = Release;
		};
/* End XCConfigurationList section */
	};
	rootObject = 5E9D6F072A75277B001F12E3 /* Project object */;
}
